
Microsoft Visual Studio Solution File, Format Version 12.00
# Visual Studio Version 16
VisualStudioVersion = 16.0.28729.10
MinimumVisualStudioVersion = 15.0.26124.0
Project("{9A19103F-16F7-4668-BE54-9A1E7A4F7556}") = "Api", "src\Api\Api.csproj", "{90ADD47D-B605-48F5-8526-86D428FFA520}"
EndProject
Project("{9A19103F-16F7-4668-BE54-9A1E7A4F7556}") = "ConsoleApp1", "src\ConsoleApp1\ConsoleApp1.csproj", "{A708CBA4-4853-4A74-90FB-DFEB7402E94A}"
EndProject
Project("{9A19103F-16F7-4668-BE54-9A1E7A4F7556}") = "ConsoleApp2", "src\ConsoleApp2\ConsoleApp2.csproj", "{583AE567-AFE4-486F-B0FE-E648534D84C3}"
EndProject
Project("{9A19103F-16F7-4668-BE54-9A1E7A4F7556}") = "IdentityServer", "src\IdentityServer\IdentityServer.csproj", "{7FE4162C-2D45-494D-9426-779CF273E4B4}"
EndProject
Project("{9A19103F-16F7-4668-BE54-9A1E7A4F7556}") = "WebApplication2", "src\WebApplication2\WebApplication2.csproj", "{2983C9B3-597E-4C31-A9D1-3D0C027E1E90}"
EndProject
Project("{FAE04EC0-301F-11D3-BF4B-00C04F79EFBC}") = "WebApplication3", "src\WebApplication3\WebApplication3.csproj", "{5FE04AD1-0494-4750-8EDA-5FE8AF806848}"
EndProject
Global
	GlobalSection(SolutionConfigurationPlatforms) = preSolution
		Debug|Any CPU = Debug|Any CPU
		Debug|x64 = Debug|x64
		Debug|x86 = Debug|x86
		Release|Any CPU = Release|Any CPU
		Release|x64 = Release|x64
		Release|x86 = Release|x86
	EndGlobalSection
	GlobalSection(ProjectConfigurationPlatforms) = postSolution
		{90ADD47D-B605-48F5-8526-86D428FFA520}.Debug|Any CPU.ActiveCfg = Debug|Any CPU
		{90ADD47D-B605-48F5-8526-86D428FFA520}.Debug|Any CPU.Build.0 = Debug|Any CPU
		{90ADD47D-B605-48F5-8526-86D428FFA520}.Debug|x64.ActiveCfg = Debug|Any CPU
		{90ADD47D-B605-48F5-8526-86D428FFA520}.Debug|x64.Build.0 = Debug|Any CPU
		{90ADD47D-B605-48F5-8526-86D428FFA520}.Debug|x86.ActiveCfg = Debug|Any CPU
		{90ADD47D-B605-48F5-8526-86D428FFA520}.Debug|x86.Build.0 = Debug|Any CPU
		{90ADD47D-B605-48F5-8526-86D428FFA520}.Release|Any CPU.ActiveCfg = Release|Any CPU
		{90ADD47D-B605-48F5-8526-86D428FFA520}.Release|Any CPU.Build.0 = Release|Any CPU
		{90ADD47D-B605-48F5-8526-86D428FFA520}.Release|x64.ActiveCfg = Release|Any CPU
		{90ADD47D-B605-48F5-8526-86D428FFA520}.Release|x64.Build.0 = Release|Any CPU
		{90ADD47D-B605-48F5-8526-86D428FFA520}.Release|x86.ActiveCfg = Release|Any CPU
		{90ADD47D-B605-48F5-8526-86D428FFA520}.Release|x86.Build.0 = Release|Any CPU
		{A708CBA4-4853-4A74-90FB-DFEB7402E94A}.Debug|Any CPU.ActiveCfg = Debug|Any CPU
		{A708CBA4-4853-4A74-90FB-DFEB7402E94A}.Debug|Any CPU.Build.0 = Debug|Any CPU
		{A708CBA4-4853-4A74-90FB-DFEB7402E94A}.Debug|x64.ActiveCfg = Debug|Any CPU
		{A708CBA4-4853-4A74-90FB-DFEB7402E94A}.Debug|x64.Build.0 = Debug|Any CPU
		{A708CBA4-4853-4A74-90FB-DFEB7402E94A}.Debug|x86.ActiveCfg = Debug|Any CPU
		{A708CBA4-4853-4A74-90FB-DFEB7402E94A}.Debug|x86.Build.0 = Debug|Any CPU
		{A708CBA4-4853-4A74-90FB-DFEB7402E94A}.Release|Any CPU.ActiveCfg = Release|Any CPU
		{A708CBA4-4853-4A74-90FB-DFEB7402E94A}.Release|Any CPU.Build.0 = Release|Any CPU
		{A708CBA4-4853-4A74-90FB-DFEB7402E94A}.Release|x64.ActiveCfg = Release|Any CPU
		{A708CBA4-4853-4A74-90FB-DFEB7402E94A}.Release|x64.Build.0 = Release|Any CPU
		{A708CBA4-4853-4A74-90FB-DFEB7402E94A}.Release|x86.ActiveCfg = Release|Any CPU
		{A708CBA4-4853-4A74-90FB-DFEB7402E94A}.Release|x86.Build.0 = Release|Any CPU
		{583AE567-AFE4-486F-B0FE-E648534D84C3}.Debug|Any CPU.ActiveCfg = Debug|Any CPU
		{583AE567-AFE4-486F-B0FE-E648534D84C3}.Debug|Any CPU.Build.0 = Debug|Any CPU
		{583AE567-AFE4-486F-B0FE-E648534D84C3}.Debug|x64.ActiveCfg = Debug|Any CPU
		{583AE567-AFE4-486F-B0FE-E648534D84C3}.Debug|x64.Build.0 = Debug|Any CPU
		{583AE567-AFE4-486F-B0FE-E648534D84C3}.Debug|x86.ActiveCfg = Debug|Any CPU
		{583AE567-AFE4-486F-B0FE-E648534D84C3}.Debug|x86.Build.0 = Debug|Any CPU
		{583AE567-AFE4-486F-B0FE-E648534D84C3}.Release|Any CPU.ActiveCfg = Release|Any CPU
		{583AE567-AFE4-486F-B0FE-E648534D84C3}.Release|Any CPU.Build.0 = Release|Any CPU
		{583AE567-AFE4-486F-B0FE-E648534D84C3}.Release|x64.ActiveCfg = Release|Any CPU
		{583AE567-AFE4-486F-B0FE-E648534D84C3}.Release|x64.Build.0 = Release|Any CPU
		{583AE567-AFE4-486F-B0FE-E648534D84C3}.Release|x86.ActiveCfg = Release|Any CPU
		{583AE567-AFE4-486F-B0FE-E648534D84C3}.Release|x86.Build.0 = Release|Any CPU
		{7FE4162C-2D45-494D-9426-779CF273E4B4}.Debug|Any CPU.ActiveCfg = Debug|Any CPU
		{7FE4162C-2D45-494D-9426-779CF273E4B4}.Debug|Any CPU.Build.0 = Debug|Any CPU
		{7FE4162C-2D45-494D-9426-779CF273E4B4}.Debug|x64.ActiveCfg = Debug|Any CPU
		{7FE4162C-2D45-494D-9426-779CF273E4B4}.Debug|x64.Build.0 = Debug|Any CPU
		{7FE4162C-2D45-494D-9426-779CF273E4B4}.Debug|x86.ActiveCfg = Debug|Any CPU
		{7FE4162C-2D45-494D-9426-779CF273E4B4}.Debug|x86.Build.0 = Debug|Any CPU
		{7FE4162C-2D45-494D-9426-779CF273E4B4}.Release|Any CPU.ActiveCfg = Release|Any CPU
		{7FE4162C-2D45-494D-9426-779CF273E4B4}.Release|Any CPU.Build.0 = Release|Any CPU
		{7FE4162C-2D45-494D-9426-779CF273E4B4}.Release|x64.ActiveCfg = Release|Any CPU
		{7FE4162C-2D45-494D-9426-779CF273E4B4}.Release|x64.Build.0 = Release|Any CPU
		{7FE4162C-2D45-494D-9426-779CF273E4B4}.Release|x86.ActiveCfg = Release|Any CPU
		{7FE4162C-2D45-494D-9426-779CF273E4B4}.Release|x86.Build.0 = Release|Any CPU
		{2983C9B3-597E-4C31-A9D1-3D0C027E1E90}.Debug|Any CPU.ActiveCfg = Debug|Any CPU
		{2983C9B3-597E-4C31-A9D1-3D0C027E1E90}.Debug|Any CPU.Build.0 = Debug|Any CPU
		{2983C9B3-597E-4C31-A9D1-3D0C027E1E90}.Debug|x64.ActiveCfg = Debug|Any CPU
		{2983C9B3-597E-4C31-A9D1-3D0C027E1E90}.Debug|x64.Build.0 = Debug|Any CPU
		{2983C9B3-597E-4C31-A9D1-3D0C027E1E90}.Debug|x86.ActiveCfg = Debug|Any CPU
		{2983C9B3-597E-4C31-A9D1-3D0C027E1E90}.Debug|x86.Build.0 = Debug|Any CPU
		{2983C9B3-597E-4C31-A9D1-3D0C027E1E90}.Release|Any CPU.ActiveCfg = Release|Any CPU
		{2983C9B3-597E-4C31-A9D1-3D0C027E1E90}.Release|Any CPU.Build.0 = Release|Any CPU
		{2983C9B3-597E-4C31-A9D1-3D0C027E1E90}.Release|x64.ActiveCfg = Release|Any CPU
		{2983C9B3-597E-4C31-A9D1-3D0C027E1E90}.Release|x64.Build.0 = Release|Any CPU
		{2983C9B3-597E-4C31-A9D1-3D0C027E1E90}.Release|x86.ActiveCfg = Release|Any CPU
		{2983C9B3-597E-4C31-A9D1-3D0C027E1E90}.Release|x86.Build.0 = Release|Any CPU
		{5FE04AD1-0494-4750-8EDA-5FE8AF806848}.Debug|Any CPU.ActiveCfg = Debug|Any CPU
		{5FE04AD1-0494-4750-8EDA-5FE8AF806848}.Debug|Any CPU.Build.0 = Debug|Any CPU
		{5FE04AD1-0494-4750-8EDA-5FE8AF806848}.Debug|x64.ActiveCfg = Debug|Any CPU
		{5FE04AD1-0494-4750-8EDA-5FE8AF806848}.Debug|x64.Build.0 = Debug|Any CPU
		{5FE04AD1-0494-4750-8EDA-5FE8AF806848}.Debug|x86.ActiveCfg = Debug|Any CPU
		{5FE04AD1-0494-4750-8EDA-5FE8AF806848}.Debug|x86.Build.0 = Debug|Any CPU
		{5FE04AD1-0494-4750-8EDA-5FE8AF806848}.Release|Any CPU.ActiveCfg = Release|Any CPU
		{5FE04AD1-0494-4750-8EDA-5FE8AF806848}.Release|Any CPU.Build.0 = Release|Any CPU
		{5FE04AD1-0494-4750-8EDA-5FE8AF806848}.Release|x64.ActiveCfg = Release|Any CPU
		{5FE04AD1-0494-4750-8EDA-5FE8AF806848}.Release|x64.Build.0 = Release|Any CPU
		{5FE04AD1-0494-4750-8EDA-5FE8AF806848}.Release|x86.ActiveCfg = Release|Any CPU
		{5FE04AD1-0494-4750-8EDA-5FE8AF806848}.Release|x86.Build.0 = Release|Any CPU
	EndGlobalSection
	GlobalSection(SolutionProperties) = preSolution
		HideSolutionNode = FALSE
	EndGlobalSection
	GlobalSection(ExtensibilityGlobals) = postSolution
		SolutionGuid = {163B2C98-94A4-4A8C-B459-80F7AA8D98AE}
	EndGlobalSection
EndGlobal
